<?xml version="1.0" encoding="utf-8"?>
<Project xmlns="http://schemas.microsoft.com/developer/msbuild/2003">
  <PropertyGroup>
    <ProjectGuid>{dd6d86c1-52a4-4d91-8b29-fd1a3a16b8f3}</ProjectGuid>
    <Configuration Condition=" '$(Configuration)' == '' ">Debug</Configuration>
    <Platform Condition=" '$(Platform)' == '' ">AnyCPU</Platform>
    <DCC_DCCCompiler>DCC32</DCC_DCCCompiler>
    <MainSource>TileStorage_DBMS.dpr</MainSource>
    <DCC_DependencyCheckOutputName>.Bin\TileStorage_DBMS.dll</DCC_DependencyCheckOutputName>
  </PropertyGroup>
  <PropertyGroup Condition=" '$(Configuration)|$(Platform)' == 'Release|AnyCPU' ">
    <Version>7.0</Version>
    <DCC_DebugInformation>False</DCC_DebugInformation>
    <DCC_LocalDebugSymbols>False</DCC_LocalDebugSymbols>
    <DCC_SymbolReferenceInfo>0</DCC_SymbolReferenceInfo>
    <DCC_Define>RELEASE</DCC_Define>
  </PropertyGroup>
  <PropertyGroup Condition=" '$(Configuration)|$(Platform)' == 'Debug|AnyCPU' ">
    <Version>7.0</Version>
    <DCC_Define>DEBUG</DCC_Define>
    <DCC_ExeOutput>.\.Bin</DCC_ExeOutput>
    <DCC_DcuOutput>.\.dcu</DCC_DcuOutput>
    <DCC_ObjOutput>.\.dcu</DCC_ObjOutput>
    <DCC_HppOutput>.\.dcu</DCC_HppOutput>
    <DCC_UnitSearchPath>..\sasplanet\ExtTileStorages;..\sasplanet\Includes;.\zeoslib\dbc;.\zeoslib\core;.\zeoslib\parsesql;.\zeoslib\plain;.\zeoslib\component;.\dbxoodbc;.\modbc;.\vsaodbc</DCC_UnitSearchPath>
    <DCC_ResourcePath>..\sasplanet\ExtTileStorages;..\sasplanet\Includes;.\zeoslib\dbc;.\zeoslib\core;.\zeoslib\parsesql;.\zeoslib\plain;.\zeoslib\component;.\dbxoodbc;.\modbc;.\vsaodbc</DCC_ResourcePath>
    <DCC_ObjPath>..\sasplanet\ExtTileStorages;..\sasplanet\Includes;.\zeoslib\dbc;.\zeoslib\core;.\zeoslib\parsesql;.\zeoslib\plain;.\zeoslib\component;.\dbxoodbc;.\modbc;.\vsaodbc</DCC_ObjPath>
    <DCC_IncludePath>..\sasplanet\ExtTileStorages;..\sasplanet\Includes;.\zeoslib\dbc;.\zeoslib\core;.\zeoslib\parsesql;.\zeoslib\plain;.\zeoslib\component;.\dbxoodbc;.\modbc;.\vsaodbc</DCC_IncludePath>
  </PropertyGroup>
  <ProjectExtensions>
    <Borland.Personality>Delphi.Personality</Borland.Personality>
    <Borland.ProjectType />
    <BorlandProject>
<BorlandProject><Delphi.Personality><Parameters><Parameters Name="UseLauncher">False</Parameters><Parameters Name="LoadAllSymbols">True</Parameters><Parameters Name="LoadUnspecifiedSymbols">False</Parameters></Parameters><VersionInfo><VersionInfo Name="IncludeVerInfo">True</VersionInfo><VersionInfo Name="AutoIncBuild">False</VersionInfo><VersionInfo Name="MajorVer">1</VersionInfo><VersionInfo Name="MinorVer">0</VersionInfo><VersionInfo Name="Release">0</VersionInfo><VersionInfo Name="Build">8</VersionInfo><VersionInfo Name="Debug">True</VersionInfo><VersionInfo Name="PreRelease">False</VersionInfo><VersionInfo Name="Special">False</VersionInfo><VersionInfo Name="Private">False</VersionInfo><VersionInfo Name="DLL">True</VersionInfo><VersionInfo Name="Locale">1049</VersionInfo><VersionInfo Name="CodePage">1251</VersionInfo></VersionInfo><VersionInfoKeys><VersionInfoKeys Name="CompanyName">vasketsov</VersionInfoKeys><VersionInfoKeys Name="FileDescription">sas dbms connector (odbc)</VersionInfoKeys><VersionInfoKeys Name="FileVersion">1.0.0.8</VersionInfoKeys><VersionInfoKeys Name="InternalName"></VersionInfoKeys><VersionInfoKeys Name="LegalCopyright"></VersionInfoKeys><VersionInfoKeys Name="LegalTrademarks"></VersionInfoKeys><VersionInfoKeys Name="OriginalFilename"></VersionInfoKeys><VersionInfoKeys Name="ProductName"></VersionInfoKeys><VersionInfoKeys Name="ProductVersion">1.0.0.0</VersionInfoKeys><VersionInfoKeys Name="Comments"></VersionInfoKeys></VersionInfoKeys><Source><Source Name="MainSource">TileStorage_DBMS.dpr</Source></Source></Delphi.Personality></BorlandProject></BorlandProject>
  </ProjectExtensions>
  <Import Project="$(MSBuildBinPath)\Borland.Delphi.Targets" />
  <ItemGroup>
    <DelphiCompile Include="TileStorage_DBMS.dpr">
      <MainSource>MainSource</MainSource>
    </DelphiCompile>
    <DCCReference Include="i_DBMS_Provider.pas" />
    <DCCReference Include="t_DBMS_Connect.pas" />
    <DCCReference Include="t_DBMS_contenttype.pas" />
    <DCCReference Include="t_DBMS_service.pas" />
    <DCCReference Include="t_DBMS_Template.pas" />
    <DCCReference Include="t_DBMS_version.pas" />
    <DCCReference Include="t_SQL_types.pas" />
    <DCCReference Include="t_types.pas" />
    <DCCReference Include="u_DBMS_Connect.pas" />
    <DCCReference Include="u_DBMS_Provider.pas" />
    <DCCReference Include="u_DBMS_Template.pas" />
    <DCCReference Include="u_DBMS_Utils.pas" />
    <DCCReference Include="u_ExecuteSQLArray.pas" />
    <DCCReference Include="u_exports.pas" />
  </ItemGroup>
</Project>
